{
    "_readme": [
        "This file locks the dependencies of your project to a known state",
        "Read more about it at https://getcomposer.org/doc/01-basic-usage.md#installing-dependencies",
        "This file is @generated automatically"
    ],
    "content-hash": "7367e13acd5e763ea97824ee40cd408e",
    "packages": [
        {
            "name": "webfiori/cache",
            "version": "2.0.0",
            "source": {
                "type": "git",
                "url": "https://github.com/WebFiori/cache.git",
                "reference": "5ab55bc0e0b9ba14c3d9870d29cefb94a8b9d59d"
            },
            "dist": {
                "type": "zip",
                "url": "https://api.github.com/repos/WebFiori/cache/zipball/5ab55bc0e0b9ba14c3d9870d29cefb94a8b9d59d",
                "reference": "5ab55bc0e0b9ba14c3d9870d29cefb94a8b9d59d",
                "shasum": ""
            },
            "require-dev": {
                "phpunit/phpunit": "^10.0"
            },
            "type": "library",
            "autoload": {
                "psr-4": {
                    "WebFiori\\Cache\\": "WebFiori/Cache/"
                }
            },
            "notification-url": "https://packagist.org/downloads/",
            "license": [
                "MIT"
            ],
            "description": "A simple caching engine which is highly customizable.",
            "keywords": [
                "cache",
                "customizable",
                "file cache"
            ],
            "support": {
                "issues": "https://github.com/WebFiori/cache/issues",
                "source": "https://github.com/WebFiori/cache/tree/v2.0.0"
            },
            "time": "2025-08-25T22:30:26+00:00"
        },
        {
            "name": "webfiori/cli",
            "version": "v2.1.0",
            "source": {
                "type": "git",
                "url": "https://github.com/WebFiori/cli.git",
                "reference": "73a332e077a4df0fae11dbffd55fe3d71b140e6a"
            },
            "dist": {
                "type": "zip",
                "url": "https://api.github.com/repos/WebFiori/cli/zipball/73a332e077a4df0fae11dbffd55fe3d71b140e6a",
                "reference": "73a332e077a4df0fae11dbffd55fe3d71b140e6a",
                "shasum": ""
            },
            "require": {
                "php": "^8.1",
                "webfiori/file": "2.0.*"
            },
            "require-dev": {
                "friendsofphp/php-cs-fixer": "^3.86",
                "phpunit/phpunit": "^10.0"
            },
            "bin": [
                "bin/wfc"
            ],
            "type": "library",
            "autoload": {
                "psr-4": {
                    "WebFiori\\Cli\\": "WebFiori/Cli"
                }
            },
            "notification-url": "https://packagist.org/downloads/",
            "license": [
                "MIT"
            ],
            "authors": [
                {
                    "name": "Ibrahim",
                    "email": "ibrahim@webfiori.com"
                }
            ],
            "description": "Class library to simplify the process of creating command line based applications using PHP.",
            "keywords": [
                "cli",
                "command line",
                "php",
                "terminal"
            ],
            "support": {
                "issues": "https://github.com/WebFiori/cli/issues",
                "source": "https://github.com/WebFiori/cli/tree/v2.1.0"
            },
            "time": "2026-01-12T21:06:54+00:00"
        },
        {
            "name": "webfiori/collections",
            "version": "2.0.0",
            "source": {
                "type": "git",
                "url": "https://github.com/WebFiori/collections.git",
                "reference": "9345cca4dd6cb739fb471db835029f81fab1caa6"
            },
            "dist": {
                "type": "zip",
                "url": "https://api.github.com/repos/WebFiori/collections/zipball/9345cca4dd6cb739fb471db835029f81fab1caa6",
                "reference": "9345cca4dd6cb739fb471db835029f81fab1caa6",
                "shasum": ""
            },
            "require": {
                "php": ">=8.1"
            },
            "require-dev": {
                "phpunit/phpunit": "^10"
            },
            "type": "library",
            "autoload": {
                "psr-4": {
                    "WebFiori\\Collections\\": "WebFiori/Collections/"
                }
            },
            "notification-url": "https://packagist.org/downloads/",
            "license": [
                "MIT"
            ],
            "description": "Basic collections set used by WebFiori.",
            "keywords": [
                "collection",
                "collections",
                "data structures",
                "library",
                "webfiori"
            ],
            "support": {
                "issues": "https://github.com/WebFiori/collections/issues",
                "source": "https://github.com/WebFiori/collections/tree/v2.0.0"
            },
            "time": "2025-08-21T14:56:08+00:00"
        },
        {
            "name": "webfiori/database",
            "version": "2.0.1",
            "source": {
                "type": "git",
                "url": "https://github.com/WebFiori/database.git",
                "reference": "ce6295692e4eb845676b389450c65c867bbf16ed"
            },
            "dist": {
                "type": "zip",
                "url": "https://api.github.com/repos/WebFiori/database/zipball/ce6295692e4eb845676b389450c65c867bbf16ed",
                "reference": "ce6295692e4eb845676b389450c65c867bbf16ed",
                "shasum": ""
            },
            "require": {
                "ext-mysqli": "*",
                "ext-sqlsrv": "*",
                "php": ">=8.1",
                "webfiori/jsonx": "*"
            },
            "require-dev": {
                "friendsofphp/php-cs-fixer": "^3.86",
                "phpunit/phpunit": "^10"
            },
            "type": "library",
            "autoload": {
                "psr-4": {
                    "WebFiori\\Database\\": "WebFiori/Database"
                }
            },
            "notification-url": "https://packagist.org/downloads/",
            "license": [
                "MIT"
            ],
            "description": "Database abstraction layer of WebFiori framework.",
            "keywords": [
                "database",
                "library",
                "mysql",
                "php",
                "query builder"
            ],
            "support": {
                "issues": "https://github.com/WebFiori/database/issues",
                "source": "https://github.com/WebFiori/database/tree/v2.0.1"
            },
            "time": "2026-02-10T21:39:44+00:00"
        },
        {
            "name": "webfiori/err",
            "version": "v2.0.1",
            "source": {
                "type": "git",
                "url": "https://github.com/WebFiori/err.git",
                "reference": "9ffb01a5fd44fe9a03fcb20b6547c7dddc40989c"
            },
            "dist": {
                "type": "zip",
                "url": "https://api.github.com/repos/WebFiori/err/zipball/9ffb01a5fd44fe9a03fcb20b6547c7dddc40989c",
                "reference": "9ffb01a5fd44fe9a03fcb20b6547c7dddc40989c",
                "shasum": ""
            },
            "require": {
                "php": ">=8.1"
            },
            "require-dev": {
                "friendsofphp/php-cs-fixer": "^3.86",
                "phpunit/phpunit": "^10.0"
            },
            "type": "library",
            "autoload": {
                "psr-4": {
                    "WebFiori\\Error\\": "WebFiori/Error/"
                }
            },
            "notification-url": "https://packagist.org/downloads/",
            "license": [
                "MIT"
            ],
            "authors": [
                {
                    "name": "Ibrahim BinAlshikh",
                    "email": "ibrahim@webfiori.com"
                }
            ],
            "description": "A library for handling PHP errors and exceptions in a better way.",
            "keywords": [
                "error",
                "error handler",
                "errors",
                "exception",
                "php"
            ],
            "support": {
                "issues": "https://github.com/WebFiori/err/issues",
                "source": "https://github.com/WebFiori/err/tree/v2.0.1"
            },
            "time": "2025-10-02T08:56:56+00:00"
        },
        {
            "name": "webfiori/file",
            "version": "2.0.0",
            "source": {
                "type": "git",
                "url": "https://github.com/WebFiori/file.git",
                "reference": "904c9ffa9432d04ac1d536e5a707fd43c84b40e5"
            },
            "dist": {
                "type": "zip",
                "url": "https://api.github.com/repos/WebFiori/file/zipball/904c9ffa9432d04ac1d536e5a707fd43c84b40e5",
                "reference": "904c9ffa9432d04ac1d536e5a707fd43c84b40e5",
                "shasum": ""
            },
            "require": {
                "php": ">=8.0",
                "webfiori/jsonx": "4.0.x"
            },
            "require-dev": {
                "phpunit/phpunit": "^10.0",
                "webfiori/http": "*"
            },
            "type": "library",
            "autoload": {
                "psr-4": {
                    "WebFiori\\File\\": "WebFiori/File/"
                }
            },
            "notification-url": "https://packagist.org/downloads/",
            "license": [
                "MIT"
            ],
            "authors": [
                {
                    "name": "Ibrahim BinAlshikh",
                    "email": "ibrahim@webfiori.com"
                }
            ],
            "description": "Basic class library to read, write and view files using PHP.",
            "keywords": [
                "file",
                "files",
                "php",
                "upload",
                "uploading"
            ],
            "support": {
                "issues": "https://github.com/WebFiori/file/issues",
                "source": "https://github.com/WebFiori/file/tree/v2.0.0"
            },
            "time": "2025-08-06T22:16:05+00:00"
        },
        {
            "name": "webfiori/framework",
            "version": "dev-dev",
            "source": {
                "type": "git",
                "url": "https://github.com/WebFiori/framework.git",
                "reference": "fcfbc85e28dc4b69f01e2e27a11376dde95ce74d"
            },
            "dist": {
                "type": "zip",
                "url": "https://api.github.com/repos/WebFiori/framework/zipball/fcfbc85e28dc4b69f01e2e27a11376dde95ce74d",
                "reference": "fcfbc85e28dc4b69f01e2e27a11376dde95ce74d",
                "shasum": ""
            },
            "require": {
                "ext-fileinfo": "*",
                "ext-json": "*",
                "ext-mbstring": "*",
                "ext-openssl": "*",
                "php": ">=8.1",
                "webfiori/cache": "v2.0.*",
                "webfiori/cli": "v2.1.*",
                "webfiori/collections": "v2.0.*",
                "webfiori/database": "v2.0.*",
                "webfiori/err": "v2.0.*",
                "webfiori/file": "v2.0.*",
                "webfiori/http": "v5.0.*",
                "webfiori/jsonx": "v4.0.*",
                "webfiori/mailer": "v2.1.*",
                "webfiori/ui": "v4.0.*"
            },
            "require-dev": {
                "friendsofphp/php-cs-fixer": "^3.0",
                "phpunit/phpunit": "^10.0"
            },
            "type": "library",
            "autoload": {
                "psr-4": {
                    "WebFiori\\Framework\\": "WebFiori/Framework/"
                }
            },
            "notification-url": "https://packagist.org/downloads/",
            "license": [
                "MIT"
            ],
            "authors": [
                {
                    "name": "Ibrahim BinAlshikh",
                    "email": "ibrahim@webfiori.com",
                    "homepage": "https://ibrahim-binalshikh.me",
                    "role": "Maintainer"
                }
            ],
            "description": "WebFiori framework. Made to make the web bloom.",
            "homepage": "https://webfiori.com",
            "keywords": [
                "Web APIs",
                "api",
                "framework",
                "php",
                "themes",
                "webfiori"
            ],
            "support": {
                "issues": "https://github.com/webfiori/framework/issues",
                "source": "https://github.com/webfiori/framework"
            },
            "time": "2026-03-30T21:00:24+00:00"
        },
        {
            "name": "webfiori/http",
            "version": "5.0.5",
            "source": {
                "type": "git",
                "url": "https://github.com/WebFiori/http.git",
                "reference": "2958177698151be6387ec26112868f4428b393ba"
            },
            "dist": {
                "type": "zip",
                "url": "https://api.github.com/repos/WebFiori/http/zipball/2958177698151be6387ec26112868f4428b393ba",
                "reference": "2958177698151be6387ec26112868f4428b393ba",
                "shasum": ""
            },
            "require": {
                "ext-json": "*",
                "ext-mbstring": "*",
                "php": ">=8.1",
                "webfiori/jsonx": "4.0.x"
            },
            "require-dev": {
                "friendsofphp/php-cs-fixer": "^3.92",
                "phpunit/phpunit": "^10.0"
            },
            "type": "library",
            "autoload": {
                "psr-4": {
                    "WebFiori\\Http\\": "WebFiori/Http"
                }
            },
            "notification-url": "https://packagist.org/downloads/",
            "license": [
                "MIT"
            ],
            "description": "Basic library that can help in creating RESTful APIs using PHP.",
            "keywords": [
                "Web APIs",
                "api",
                "http",
                "json",
                "jsonx",
                "library",
                "php",
                "psr-7"
            ],
            "support": {
                "issues": "https://github.com/WebFiori/http/issues",
                "source": "https://github.com/WebFiori/http/tree/v5.0.5"
            },
            "time": "2026-03-05T12:03:16+00:00"
        },
        {
            "name": "webfiori/jsonx",
            "version": "4.0.1",
            "source": {
                "type": "git",
                "url": "https://github.com/WebFiori/json.git",
                "reference": "ad983ac6683ff0d12e1ef57546fbb68dd4d317ad"
            },
            "dist": {
                "type": "zip",
                "url": "https://api.github.com/repos/WebFiori/json/zipball/ad983ac6683ff0d12e1ef57546fbb68dd4d317ad",
                "reference": "ad983ac6683ff0d12e1ef57546fbb68dd4d317ad",
                "shasum": ""
            },
            "require": {
                "ext-json": "*",
                "php": ">=8.1"
            },
            "require-dev": {
                "friendsofphp/php-cs-fixer": "^3.92",
                "phpunit/phpunit": "^10.0"
            },
            "type": "library",
            "autoload": {
                "psr-4": {
                    "WebFiori\\Json\\": "WebFiori/Json"
                }
            },
            "notification-url": "https://packagist.org/downloads/",
            "license": [
                "MIT"
            ],
            "description": "PHP library for creating well-formatted JSON strings.",
            "keywords": [
                "json",
                "jsonx",
                "php"
            ],
            "support": {
                "issues": "https://github.com/WebFiori/json/issues",
                "source": "https://github.com/WebFiori/json/tree/v4.0.1"
            },
            "funding": [
                {
                    "url": "https://paypal.me/IbrahimBinAlshikh",
                    "type": "custom"
                }
            ],
            "time": "2026-03-04T10:29:17+00:00"
        },
        {
            "name": "webfiori/mailer",
            "version": "2.1.0",
            "source": {
                "type": "git",
                "url": "https://github.com/WebFiori/mail.git",
                "reference": "3aa18195717efcb5a069af47c8620062231a0901"
            },
            "dist": {
                "type": "zip",
                "url": "https://api.github.com/repos/WebFiori/mail/zipball/3aa18195717efcb5a069af47c8620062231a0901",
                "reference": "3aa18195717efcb5a069af47c8620062231a0901",
                "shasum": ""
            },
            "require": {
                "php": ">=8.1",
                "webfiori/file": "2.0.*",
                "webfiori/ui": "4.0.*"
            },
            "require-dev": {
                "friendsofphp/php-cs-fixer": "^3.86",
                "phpunit/phpunit": "^10",
                "webfiori/oauth": "1.0.*"
            },
            "type": "library",
            "autoload": {
                "psr-4": {
                    "WebFiori\\Mail\\": "WebFiori/Mail/"
                }
            },
            "notification-url": "https://packagist.org/downloads/",
            "license": [
                "MIT"
            ],
            "authors": [
                {
                    "name": "Ibrahim BinAlshikh",
                    "email": "ibrahim@webfiori.com"
                }
            ],
            "description": "Sockets-based library for sending HTML email messages.",
            "keywords": [
                "email",
                "html",
                "mail",
                "php",
                "sockets"
            ],
            "support": {
                "issues": "https://github.com/WebFiori/mail/issues",
                "source": "https://github.com/WebFiori/mail/tree/v2.1.0"
            },
            "time": "2025-10-07T22:13:09+00:00"
        },
        {
            "name": "webfiori/ui",
            "version": "4.0.0",
            "source": {
                "type": "git",
                "url": "https://github.com/WebFiori/ui.git",
                "reference": "95b6bd5860584278577aeb603d4b2f6c576d901a"
            },
            "dist": {
                "type": "zip",
                "url": "https://api.github.com/repos/WebFiori/ui/zipball/95b6bd5860584278577aeb603d4b2f6c576d901a",
                "reference": "95b6bd5860584278577aeb603d4b2f6c576d901a",
                "shasum": ""
            },
            "require": {
                "php": ">=8.1",
                "webfiori/collections": "2.0.x"
            },
            "require-dev": {
                "friendsofphp/php-cs-fixer": "^3.86",
                "phpunit/phpunit": "^10"
            },
            "type": "library",
            "autoload": {
                "psr-4": {
                    "WebFiori\\Ui\\": "WebFiori/Ui/"
                }
            },
            "notification-url": "https://packagist.org/downloads/",
            "license": [
                "MIT"
            ],
            "description": "A library that provides basic utilities for creating HTML documents.",
            "keywords": [
                "code",
                "dom",
                "html",
                "library",
                "webfiori"
            ],
            "support": {
                "issues": "https://github.com/WebFiori/ui/issues",
                "source": "https://github.com/WebFiori/ui/tree/v4.0.0"
            },
            "time": "2025-10-07T21:08:40+00:00"
        }
    ],
    "packages-dev": [],
    "aliases": [],
    "minimum-stability": "stable",
    "stability-flags": {
        "webfiori/framework": 20
    },
    "prefer-stable": false,
    "prefer-lowest": false,
    "platform": {
        "php": ">=8.1"
    },
    "platform-dev": {},
    "plugin-api-version": "2.9.0"
}
