{
    "_readme": [
        "This file locks the dependencies of your project to a known state",
        "Read more about it at https://getcomposer.org/doc/01-basic-usage.md#installing-dependencies",
        "This file is @generated automatically"
    ],
    "content-hash": "0c8360b75f719fe266d485849977ecb1",
    "packages": [
        {
            "name": "webfiori/cli",
            "version": "v1.0.8",
            "source": {
                "type": "git",
                "url": "https://github.com/WebFiori/cli.git",
                "reference": "ad7dc482f3d77748c2c04c46f95625bda9fb8e78"
            },
            "dist": {
                "type": "zip",
                "url": "https://api.github.com/repos/WebFiori/cli/zipball/ad7dc482f3d77748c2c04c46f95625bda9fb8e78",
                "reference": "ad7dc482f3d77748c2c04c46f95625bda9fb8e78",
                "shasum": ""
            },
            "require": {
                "webfiori/file": "1.2.*"
            },
            "type": "library",
            "autoload": {
                "psr-4": {
                    "webfiori\\cli\\": "webfiori\\cli"
                }
            },
            "notification-url": "https://packagist.org/downloads/",
            "license": [
                "MIT"
            ],
            "authors": [
                {
                    "name": "Ibrahim",
                    "email": "ibrahim@webfiori.com"
                }
            ],
            "description": "Command line component of WebFiori framework",
            "keywords": [
                "cli",
                "command line",
                "php",
                "terminal"
            ],
            "support": {
                "issues": "https://github.com/WebFiori/cli/issues",
                "source": "https://github.com/WebFiori/cli/tree/v1.0.8"
            },
            "funding": [
                {
                    "url": "https://paypal.me/IbrahimBinAlshikh",
                    "type": "custom"
                },
                {
                    "url": "https://www.buymeacoffee.com/ibrahimdev",
                    "type": "custom"
                },
                {
                    "url": "https://ko-fi.com/ibrahimdev",
                    "type": "ko_fi"
                }
            ],
            "time": "2022-09-11T13:35:50+00:00"
        },
        {
            "name": "webfiori/collections",
            "version": "v1.1.1",
            "source": {
                "type": "git",
                "url": "https://github.com/WebFiori/collections.git",
                "reference": "8ae72a75ea5ffa7def00df8dc256f69882aa2e5f"
            },
            "dist": {
                "type": "zip",
                "url": "https://api.github.com/repos/WebFiori/collections/zipball/8ae72a75ea5ffa7def00df8dc256f69882aa2e5f",
                "reference": "8ae72a75ea5ffa7def00df8dc256f69882aa2e5f",
                "shasum": ""
            },
            "require": {
                "php": ">=7.0"
            },
            "require-dev": {
                "phpunit/phpunit": "^5"
            },
            "type": "library",
            "autoload": {
                "psr-4": {
                    "webfiori\\collections\\": "webfiori\\collections"
                }
            },
            "notification-url": "https://packagist.org/downloads/",
            "license": [
                "MIT"
            ],
            "description": "Basic collections set used by WebFiori.",
            "keywords": [
                "collection",
                "collections",
                "data structures",
                "library",
                "webfiori"
            ],
            "support": {
                "issues": "https://github.com/WebFiori/collections/issues",
                "source": "https://github.com/WebFiori/collections/tree/v1.1.1"
            },
            "funding": [
                {
                    "url": "https://paypal.me/IbrahimBinAlshikh",
                    "type": "custom"
                },
                {
                    "url": "https://www.buymeacoffee.com/ibrahimdev",
                    "type": "custom"
                },
                {
                    "url": "https://ko-fi.com/ibrahimdev",
                    "type": "ko_fi"
                }
            ],
            "time": "2022-07-16T18:22:14+00:00"
        },
        {
            "name": "webfiori/database",
            "version": "v0.5.4",
            "source": {
                "type": "git",
                "url": "https://github.com/WebFiori/database.git",
                "reference": "a19c11701834c981d5ebe690729b5e1a91944086"
            },
            "dist": {
                "type": "zip",
                "url": "https://api.github.com/repos/WebFiori/database/zipball/a19c11701834c981d5ebe690729b5e1a91944086",
                "reference": "a19c11701834c981d5ebe690729b5e1a91944086",
                "shasum": ""
            },
            "require": {
                "webfiori/jsonx": "*"
            },
            "type": "library",
            "autoload": {
                "psr-4": {
                    "webfiori\\database\\": "webfiori\\database"
                }
            },
            "notification-url": "https://packagist.org/downloads/",
            "license": [
                "MIT"
            ],
            "description": "Database abstraction layer of WebFiori framework.",
            "keywords": [
                "database",
                "library",
                "mysql",
                "php",
                "query builder"
            ],
            "support": {
                "issues": "https://github.com/WebFiori/database/issues",
                "source": "https://github.com/WebFiori/database/tree/v0.5.4"
            },
            "funding": [
                {
                    "url": "https://paypal.me/IbrahimBinAlshikh",
                    "type": "custom"
                },
                {
                    "url": "https://www.buymeacoffee.com/ibrahimdev",
                    "type": "custom"
                },
                {
                    "url": "https://ko-fi.com/ibrahimdev",
                    "type": "ko_fi"
                }
            ],
            "time": "2023-01-03T21:44:54+00:00"
        },
        {
            "name": "webfiori/err",
            "version": "v1.0.5",
            "source": {
                "type": "git",
                "url": "https://github.com/WebFiori/err.git",
                "reference": "44102a09fba3f7196551e3bde8aa3493696114b2"
            },
            "dist": {
                "type": "zip",
                "url": "https://api.github.com/repos/WebFiori/err/zipball/44102a09fba3f7196551e3bde8aa3493696114b2",
                "reference": "44102a09fba3f7196551e3bde8aa3493696114b2",
                "shasum": ""
            },
            "require": {
                "php": ">=7.0"
            },
            "type": "library",
            "notification-url": "https://packagist.org/downloads/",
            "license": [
                "MIT"
            ],
            "authors": [
                {
                    "name": "Ibrahim BinAlshikh",
                    "email": "ibrahim@webfiori.com"
                }
            ],
            "description": "A library for handling PHP errors and exceptions in a better way.",
            "keywords": [
                "error",
                "error handler",
                "errors",
                "exception",
                "php"
            ],
            "support": {
                "issues": "https://github.com/WebFiori/err/issues",
                "source": "https://github.com/WebFiori/err/tree/v1.0.5"
            },
            "funding": [
                {
                    "url": "https://paypal.me/IbrahimBinAlshikh",
                    "type": "custom"
                },
                {
                    "url": "https://www.buymeacoffee.com/ibrahimdev",
                    "type": "custom"
                },
                {
                    "url": "https://ko-fi.com/ibrahimdev",
                    "type": "ko_fi"
                }
            ],
            "time": "2022-10-18T15:19:46+00:00"
        },
        {
            "name": "webfiori/file",
            "version": "v1.2.2",
            "source": {
                "type": "git",
                "url": "https://github.com/WebFiori/file.git",
                "reference": "020cdcae90f7a4f25fca9fe686cca744187317eb"
            },
            "dist": {
                "type": "zip",
                "url": "https://api.github.com/repos/WebFiori/file/zipball/020cdcae90f7a4f25fca9fe686cca744187317eb",
                "reference": "020cdcae90f7a4f25fca9fe686cca744187317eb",
                "shasum": ""
            },
            "require": {
                "php": ">=7.0",
                "webfiori/jsonx": "3.1.x"
            },
            "require-dev": {
                "webfiori/http": "*"
            },
            "type": "library",
            "autoload": {
                "psr-4": {
                    "webfiori\\file\\": "webfiori\\file"
                }
            },
            "notification-url": "https://packagist.org/downloads/",
            "license": [
                "MIT"
            ],
            "authors": [
                {
                    "name": "Ibrahim BinAlshikh",
                    "email": "ibrahim@webfiori.com"
                }
            ],
            "description": "Basic class library to read, write and view files using PHP.",
            "keywords": [
                "file",
                "files",
                "php",
                "upload",
                "uploading"
            ],
            "support": {
                "issues": "https://github.com/WebFiori/file/issues",
                "source": "https://github.com/WebFiori/file/tree/v1.2.2"
            },
            "funding": [
                {
                    "url": "https://paypal.me/IbrahimBinAlshikh",
                    "type": "custom"
                },
                {
                    "url": "https://www.buymeacoffee.com/ibrahimdev",
                    "type": "custom"
                },
                {
                    "url": "https://ko-fi.com/ibrahimdev",
                    "type": "ko_fi"
                }
            ],
            "time": "2022-11-07T15:25:44+00:00"
        },
        {
            "name": "webfiori/framework",
            "version": "v3.0.0-RC2",
            "source": {
                "type": "git",
                "url": "https://github.com/WebFiori/framework.git",
                "reference": "deb4079103b387d0068648b70d7a4f41d4c844c8"
            },
            "dist": {
                "type": "zip",
                "url": "https://api.github.com/repos/WebFiori/framework/zipball/deb4079103b387d0068648b70d7a4f41d4c844c8",
                "reference": "deb4079103b387d0068648b70d7a4f41d4c844c8",
                "shasum": ""
            },
            "require": {
                "php": ">=7.0",
                "webfiori/cli": "v1.0.8",
                "webfiori/collections": "v1.1.1",
                "webfiori/database": "v0.5.4",
                "webfiori/err": "v1.0.5",
                "webfiori/file": "v1.2.2",
                "webfiori/http": "v3.2.18 ",
                "webfiori/jsonx": "v3.1.5",
                "webfiori/mailer": "v1.0.2",
                "webfiori/ui": "v2.4.0"
            },
            "require-dev": {
                "phpunit/phpunit": "*"
            },
            "type": "library",
            "notification-url": "https://packagist.org/downloads/",
            "license": [
                "MIT"
            ],
            "authors": [
                {
                    "name": "Ibrahim BinAlshikh",
                    "email": "ibrahim@webfiori.com"
                }
            ],
            "description": "WebFiori framework. Made to make the web bloom.",
            "homepage": "https://webfiori.com",
            "keywords": [
                "Web APIs",
                "api",
                "framework",
                "php",
                "themes",
                "webfiori"
            ],
            "support": {
                "issues": "https://github.com/webfiori/framework/issues",
                "source": "https://github.com/webfior/framework"
            },
            "funding": [
                {
                    "url": "https://paypal.me/IbrahimBinAlshikh",
                    "type": "custom"
                },
                {
                    "url": "https://www.buymeacoffee.com/ibrahimdev",
                    "type": "custom"
                },
                {
                    "url": "https://ko-fi.com/ibrahimdev",
                    "type": "ko_fi"
                }
            ],
            "time": "2023-01-03T21:51:53+00:00"
        },
        {
            "name": "webfiori/http",
            "version": "v3.2.18",
            "source": {
                "type": "git",
                "url": "https://github.com/WebFiori/http.git",
                "reference": "af2803ca5354090dec86611d11fc2a94d58aa29d"
            },
            "dist": {
                "type": "zip",
                "url": "https://api.github.com/repos/WebFiori/http/zipball/af2803ca5354090dec86611d11fc2a94d58aa29d",
                "reference": "af2803ca5354090dec86611d11fc2a94d58aa29d",
                "shasum": ""
            },
            "require": {
                "php": ">=7.0",
                "webfiori/jsonx": "3.1.x"
            },
            "type": "library",
            "autoload": {
                "psr-4": {
                    "webfiori\\http\\": "webfiori\\http"
                }
            },
            "notification-url": "https://packagist.org/downloads/",
            "license": [
                "MIT"
            ],
            "description": "Basic library that can help in creating RESTful APIs using PHP.",
            "keywords": [
                "Web APIs",
                "api",
                "http",
                "json",
                "jsonx",
                "library",
                "php",
                "psr-7"
            ],
            "support": {
                "issues": "https://github.com/WebFiori/http/issues",
                "source": "https://github.com/WebFiori/http/tree/v3.2.18"
            },
            "funding": [
                {
                    "url": "https://paypal.me/IbrahimBinAlshikh",
                    "type": "custom"
                }
            ],
            "time": "2022-12-26T23:07:51+00:00"
        },
        {
            "name": "webfiori/jsonx",
            "version": "v3.1.5",
            "source": {
                "type": "git",
                "url": "https://github.com/WebFiori/json.git",
                "reference": "b53e318c63f53cd93a515e6291b1cd0608a70e5f"
            },
            "dist": {
                "type": "zip",
                "url": "https://api.github.com/repos/WebFiori/json/zipball/b53e318c63f53cd93a515e6291b1cd0608a70e5f",
                "reference": "b53e318c63f53cd93a515e6291b1cd0608a70e5f",
                "shasum": ""
            },
            "require": {
                "php": ">=7.0"
            },
            "type": "library",
            "autoload": {
                "psr-4": {
                    "webfiori\\json\\": "webfiori\\json"
                }
            },
            "notification-url": "https://packagist.org/downloads/",
            "license": [
                "MIT"
            ],
            "description": "PHP library for creating well-formatted JSON strings.",
            "keywords": [
                "json",
                "jsonx",
                "php"
            ],
            "support": {
                "issues": "https://github.com/WebFiori/json/issues",
                "source": "https://github.com/WebFiori/json/tree/v3.1.5"
            },
            "funding": [
                {
                    "url": "https://paypal.me/IbrahimBinAlshikh",
                    "type": "custom"
                }
            ],
            "time": "2022-10-25T14:15:17+00:00"
        },
        {
            "name": "webfiori/mailer",
            "version": "v1.0.2",
            "source": {
                "type": "git",
                "url": "https://github.com/WebFiori/mail.git",
                "reference": "dfe30da8fd79b61b1d738f84c2a526064ed3578f"
            },
            "dist": {
                "type": "zip",
                "url": "https://api.github.com/repos/WebFiori/mail/zipball/dfe30da8fd79b61b1d738f84c2a526064ed3578f",
                "reference": "dfe30da8fd79b61b1d738f84c2a526064ed3578f",
                "shasum": ""
            },
            "require": {
                "php": ">=7.0",
                "webfiori/file": "*",
                "webfiori/ui": "*"
            },
            "type": "library",
            "autoload": {
                "psr-4": {
                    "webfiori\\email\\": "webfiori\\email"
                }
            },
            "notification-url": "https://packagist.org/downloads/",
            "license": [
                "MIT"
            ],
            "authors": [
                {
                    "name": "Ibrahim BinAlshikh",
                    "email": "ibrahim@webfiori.com"
                }
            ],
            "description": "Sockets-based library for sending HTML email messages.",
            "keywords": [
                "email",
                "html",
                "mail",
                "php",
                "sockets"
            ],
            "support": {
                "issues": "https://github.com/WebFiori/mail/issues",
                "source": "https://github.com/WebFiori/mail/tree/v1.0.2"
            },
            "funding": [
                {
                    "url": "https://paypal.me/IbrahimBinAlshikh",
                    "type": "custom"
                },
                {
                    "url": "https://www.buymeacoffee.com/ibrahimdev",
                    "type": "custom"
                },
                {
                    "url": "https://ko-fi.com/ibrahimdev",
                    "type": "ko_fi"
                }
            ],
            "time": "2022-07-17T11:26:46+00:00"
        },
        {
            "name": "webfiori/ui",
            "version": "v2.4.0",
            "source": {
                "type": "git",
                "url": "https://github.com/WebFiori/ui.git",
                "reference": "229131fbb8f232af8d993bf76e0a0df72c335e64"
            },
            "dist": {
                "type": "zip",
                "url": "https://api.github.com/repos/WebFiori/ui/zipball/229131fbb8f232af8d993bf76e0a0df72c335e64",
                "reference": "229131fbb8f232af8d993bf76e0a0df72c335e64",
                "shasum": ""
            },
            "require": {
                "php": ">=7.0",
                "webfiori/collections": "1.1.x"
            },
            "require-dev": {
                "phpunit/phpunit": "^5"
            },
            "type": "library",
            "autoload": {
                "psr-4": {
                    "webfiori\\ui\\": "webfiori\\ui"
                }
            },
            "notification-url": "https://packagist.org/downloads/",
            "license": [
                "MIT"
            ],
            "description": "A library that provides basic utilities for creating HTML documents.",
            "keywords": [
                "code",
                "dom",
                "html",
                "library",
                "webfiori"
            ],
            "support": {
                "issues": "https://github.com/WebFiori/ui/issues",
                "source": "https://github.com/WebFiori/ui/tree/v2.4.0"
            },
            "funding": [
                {
                    "url": "https://paypal.me/IbrahimBinAlshikh",
                    "type": "custom"
                }
            ],
            "time": "2022-12-13T22:38:27+00:00"
        }
    ],
    "packages-dev": [],
    "aliases": [],
    "minimum-stability": "stable",
    "stability-flags": {
        "webfiori/framework": 5
    },
    "prefer-stable": false,
    "prefer-lowest": false,
    "platform": {
        "php": ">=7.0"
    },
    "platform-dev": [],
    "plugin-api-version": "2.1.0"
}
